
Microsoft Visual Studio Solution File, Format Version 12.00
# Visual Studio 2012
Project("{FAE04EC0-301F-11D3-BF4B-00C04F79EFBC}") = "CSharpDev", "CSharpDev\CSharpDev.csproj", "{B1DE46A1-319E-4A45-AF78-B19F4DD0F072}"
EndProject
Project("{FAE04EC0-301F-11D3-BF4B-00C04F79EFBC}") = "CSharpDev.Library", "CSharpDev.Library\CSharpDev.Library.csproj", "{415AF8C2-22FB-4920-A0E8-87E1633DCC45}"
EndProject
Global
	GlobalSection(SolutionConfigurationPlatforms) = preSolution
		Debug|Any CPU = Debug|Any CPU
		Release|Any CPU = Release|Any CPU
	EndGlobalSection
	GlobalSection(ProjectConfigurationPlatforms) = postSolution
		{B1DE46A1-319E-4A45-AF78-B19F4DD0F072}.Debug|Any CPU.ActiveCfg = Debug|Any CPU
		{B1DE46A1-319E-4A45-AF78-B19F4DD0F072}.Debug|Any CPU.Build.0 = Debug|Any CPU
		{B1DE46A1-319E-4A45-AF78-B19F4DD0F072}.Release|Any CPU.ActiveCfg = Release|Any CPU
		{B1DE46A1-319E-4A45-AF78-B19F4DD0F072}.Release|Any CPU.Build.0 = Release|Any CPU
		{415AF8C2-22FB-4920-A0E8-87E1633DCC45}.Debug|Any CPU.ActiveCfg = Debug|Any CPU
		{415AF8C2-22FB-4920-A0E8-87E1633DCC45}.Debug|Any CPU.Build.0 = Debug|Any CPU
		{415AF8C2-22FB-4920-A0E8-87E1633DCC45}.Release|Any CPU.ActiveCfg = Release|Any CPU
		{415AF8C2-22FB-4920-A0E8-87E1633DCC45}.Release|Any CPU.Build.0 = Release|Any CPU
	EndGlobalSection
	GlobalSection(SolutionProperties) = preSolution
		HideSolutionNode = FALSE
	EndGlobalSection
EndGlobal
